
Microsoft Visual Studio Solution File, Format Version 12.00
# Visual Studio Version 17
VisualStudioVersion = 17.4.33103.184
MinimumVisualStudioVersion = 10.0.40219.1
Project("{9A19103F-16F7-4668-BE54-9A1E7A4F7556}") = "Labolatorium 1", "Labolatorium 1\Labolatorium 1.csproj", "{6136DDBB-840A-42F5-B607-98D23FE69EC2}"
EndProject
Project("{9A19103F-16F7-4668-BE54-9A1E7A4F7556}") = "Labolatorium 2", "Labolatorium 2\Labolatorium 2.csproj", "{57897C2C-D745-49FC-8B29-C11C73C6311E}"
EndProject
Project("{9A19103F-16F7-4668-BE54-9A1E7A4F7556}") = "Labolatorium3", "Labolatorium3\Labolatorium3.csproj", "{AA63B81D-4325-44B5-B592-7B078AEFF300}"
EndProject
Project("{FAE04EC0-301F-11D3-BF4B-00C04F79EFBC}") = "Data", "Data\Data.csproj", "{2BB2112D-D411-482A-8B9F-BE6E349C1396}"
EndProject
Global
	GlobalSection(SolutionConfigurationPlatforms) = preSolution
		Debug|Any CPU = Debug|Any CPU
		Release|Any CPU = Release|Any CPU
	EndGlobalSection
	GlobalSection(ProjectConfigurationPlatforms) = postSolution
		{6136DDBB-840A-42F5-B607-98D23FE69EC2}.Debug|Any CPU.ActiveCfg = Debug|Any CPU
		{6136DDBB-840A-42F5-B607-98D23FE69EC2}.Debug|Any CPU.Build.0 = Debug|Any CPU
		{6136DDBB-840A-42F5-B607-98D23FE69EC2}.Release|Any CPU.ActiveCfg = Release|Any CPU
		{6136DDBB-840A-42F5-B607-98D23FE69EC2}.Release|Any CPU.Build.0 = Release|Any CPU
		{57897C2C-D745-49FC-8B29-C11C73C6311E}.Debug|Any CPU.ActiveCfg = Debug|Any CPU
		{57897C2C-D745-49FC-8B29-C11C73C6311E}.Debug|Any CPU.Build.0 = Debug|Any CPU
		{57897C2C-D745-49FC-8B29-C11C73C6311E}.Release|Any CPU.ActiveCfg = Release|Any CPU
		{57897C2C-D745-49FC-8B29-C11C73C6311E}.Release|Any CPU.Build.0 = Release|Any CPU
		{AA63B81D-4325-44B5-B592-7B078AEFF300}.Debug|Any CPU.ActiveCfg = Debug|Any CPU
		{AA63B81D-4325-44B5-B592-7B078AEFF300}.Debug|Any CPU.Build.0 = Debug|Any CPU
		{AA63B81D-4325-44B5-B592-7B078AEFF300}.Release|Any CPU.ActiveCfg = Release|Any CPU
		{AA63B81D-4325-44B5-B592-7B078AEFF300}.Release|Any CPU.Build.0 = Release|Any CPU
		{2BB2112D-D411-482A-8B9F-BE6E349C1396}.Debug|Any CPU.ActiveCfg = Debug|Any CPU
		{2BB2112D-D411-482A-8B9F-BE6E349C1396}.Debug|Any CPU.Build.0 = Debug|Any CPU
		{2BB2112D-D411-482A-8B9F-BE6E349C1396}.Release|Any CPU.ActiveCfg = Release|Any CPU
		{2BB2112D-D411-482A-8B9F-BE6E349C1396}.Release|Any CPU.Build.0 = Release|Any CPU
	EndGlobalSection
	GlobalSection(SolutionProperties) = preSolution
		HideSolutionNode = FALSE
	EndGlobalSection
	GlobalSection(ExtensibilityGlobals) = postSolution
		SolutionGuid = {D46E16EF-82C1-4E15-85DF-314D10416EF9}
	EndGlobalSection
EndGlobal
