
Microsoft Visual Studio Solution File, Format Version 12.00
# Visual Studio Version 17
VisualStudioVersion = 17.4.33103.184
MinimumVisualStudioVersion = 10.0.40219.1
Project("{FAE04EC0-301F-11D3-BF4B-00C04F79EFBC}") = "ASP.NET - Fixed Version", "ASP.NET - Fixed Version\ASP.NET - Fixed Version.csproj", "{AA6827EF-8067-49A5-9070-0F41F546F1A0}"
EndProject
Project("{FAE04EC0-301F-11D3-BF4B-00C04F79EFBC}") = "ASP.NET - Fixed Version 2", "ASP.NET - Fixed Version 2\ASP.NET - Fixed Version 2.csproj", "{2DA982DC-98FB-4376-A3FA-CFFB156F49BF}"
EndProject
Global
	GlobalSection(SolutionConfigurationPlatforms) = preSolution
		Debug|Any CPU = Debug|Any CPU
		Release|Any CPU = Release|Any CPU
	EndGlobalSection
	GlobalSection(ProjectConfigurationPlatforms) = postSolution
		{AA6827EF-8067-49A5-9070-0F41F546F1A0}.Debug|Any CPU.ActiveCfg = Debug|Any CPU
		{AA6827EF-8067-49A5-9070-0F41F546F1A0}.Debug|Any CPU.Build.0 = Debug|Any CPU
		{AA6827EF-8067-49A5-9070-0F41F546F1A0}.Release|Any CPU.ActiveCfg = Release|Any CPU
		{AA6827EF-8067-49A5-9070-0F41F546F1A0}.Release|Any CPU.Build.0 = Release|Any CPU
		{2DA982DC-98FB-4376-A3FA-CFFB156F49BF}.Debug|Any CPU.ActiveCfg = Debug|Any CPU
		{2DA982DC-98FB-4376-A3FA-CFFB156F49BF}.Debug|Any CPU.Build.0 = Debug|Any CPU
		{2DA982DC-98FB-4376-A3FA-CFFB156F49BF}.Release|Any CPU.ActiveCfg = Release|Any CPU
		{2DA982DC-98FB-4376-A3FA-CFFB156F49BF}.Release|Any CPU.Build.0 = Release|Any CPU
	EndGlobalSection
	GlobalSection(SolutionProperties) = preSolution
		HideSolutionNode = FALSE
	EndGlobalSection
	GlobalSection(ExtensibilityGlobals) = postSolution
		SolutionGuid = {D46E16EF-82C1-4E15-85DF-314D10416EF9}
	EndGlobalSection
EndGlobal
